
Microsoft Visual Studio Solution File, Format Version 12.00
# Visual Studio 14
VisualStudioVersion = 14.0.25123.0
MinimumVisualStudioVersion = 10.0.40219.1
Project("{2150E333-8FDC-42A3-9474-1A3956D46DE8}") = "Engine", "Engine", "{F0341384-4A12-43B3-B3EB-83792E81D7CF}"
EndProject
Project("{2150E333-8FDC-42A3-9474-1A3956D46DE8}") = "Games", "Games", "{9D5E7769-29BF-4E09-927F-D2AE7EBB17E7}"
EndProject
Project("{8BC9CEB8-8B4A-11D0-8D11-00A0C91BC942}") = "UE4", "Intermediate\ProjectFiles\UE4.vcxproj", "{906C536D-DEC2-49FE-9B44-33B6730C9F55}"
EndProject
Project("{8BC9CEB8-8B4A-11D0-8D11-00A0C91BC942}") = "RunebergVR", "Intermediate\ProjectFiles\RunebergVR.vcxproj", "{C782AF9D-666D-46BE-B4AE-FF71731B99A6}"
EndProject
Global
	GlobalSection(SolutionConfigurationPlatforms) = preSolution
		DebugGame Editor|HTML5 = DebugGame Editor|HTML5
		DebugGame Editor|Win32 = DebugGame Editor|Win32
		DebugGame Editor|Win64 = DebugGame Editor|Win64
		DebugGame|HTML5 = DebugGame|HTML5
		DebugGame|Win32 = DebugGame|Win32
		DebugGame|Win64 = DebugGame|Win64
		Development Editor|HTML5 = Development Editor|HTML5
		Development Editor|Win32 = Development Editor|Win32
		Development Editor|Win64 = Development Editor|Win64
		Development|HTML5 = Development|HTML5
		Development|Win32 = Development|Win32
		Development|Win64 = Development|Win64
		Shipping|HTML5 = Shipping|HTML5
		Shipping|Win32 = Shipping|Win32
		Shipping|Win64 = Shipping|Win64
	EndGlobalSection
	GlobalSection(ProjectConfigurationPlatforms) = postSolution
		{906C536D-DEC2-49FE-9B44-33B6730C9F55}.DebugGame Editor|HTML5.ActiveCfg = BuiltWithUnrealBuildTool|Win32
		{906C536D-DEC2-49FE-9B44-33B6730C9F55}.DebugGame Editor|HTML5.Build.0 = BuiltWithUnrealBuildTool|Win32
		{906C536D-DEC2-49FE-9B44-33B6730C9F55}.DebugGame Editor|Win32.ActiveCfg = BuiltWithUnrealBuildTool|Win32
		{906C536D-DEC2-49FE-9B44-33B6730C9F55}.DebugGame Editor|Win32.Build.0 = BuiltWithUnrealBuildTool|Win32
		{906C536D-DEC2-49FE-9B44-33B6730C9F55}.DebugGame Editor|Win64.ActiveCfg = BuiltWithUnrealBuildTool|Win32
		{906C536D-DEC2-49FE-9B44-33B6730C9F55}.DebugGame Editor|Win64.Build.0 = BuiltWithUnrealBuildTool|Win32
		{906C536D-DEC2-49FE-9B44-33B6730C9F55}.DebugGame|HTML5.ActiveCfg = BuiltWithUnrealBuildTool|Win32
		{906C536D-DEC2-49FE-9B44-33B6730C9F55}.DebugGame|HTML5.Build.0 = BuiltWithUnrealBuildTool|Win32
		{906C536D-DEC2-49FE-9B44-33B6730C9F55}.DebugGame|Win32.ActiveCfg = BuiltWithUnrealBuildTool|Win32
		{906C536D-DEC2-49FE-9B44-33B6730C9F55}.DebugGame|Win32.Build.0 = BuiltWithUnrealBuildTool|Win32
		{906C536D-DEC2-49FE-9B44-33B6730C9F55}.DebugGame|Win64.ActiveCfg = BuiltWithUnrealBuildTool|Win32
		{906C536D-DEC2-49FE-9B44-33B6730C9F55}.DebugGame|Win64.Build.0 = BuiltWithUnrealBuildTool|Win32
		{906C536D-DEC2-49FE-9B44-33B6730C9F55}.Development Editor|HTML5.ActiveCfg = BuiltWithUnrealBuildTool|Win32
		{906C536D-DEC2-49FE-9B44-33B6730C9F55}.Development Editor|HTML5.Build.0 = BuiltWithUnrealBuildTool|Win32
		{906C536D-DEC2-49FE-9B44-33B6730C9F55}.Development Editor|Win32.ActiveCfg = BuiltWithUnrealBuildTool|Win32
		{906C536D-DEC2-49FE-9B44-33B6730C9F55}.Development Editor|Win32.Build.0 = BuiltWithUnrealBuildTool|Win32
		{906C536D-DEC2-49FE-9B44-33B6730C9F55}.Development Editor|Win64.ActiveCfg = BuiltWithUnrealBuildTool|Win32
		{906C536D-DEC2-49FE-9B44-33B6730C9F55}.Development Editor|Win64.Build.0 = BuiltWithUnrealBuildTool|Win32
		{906C536D-DEC2-49FE-9B44-33B6730C9F55}.Development|HTML5.ActiveCfg = BuiltWithUnrealBuildTool|Win32
		{906C536D-DEC2-49FE-9B44-33B6730C9F55}.Development|HTML5.Build.0 = BuiltWithUnrealBuildTool|Win32
		{906C536D-DEC2-49FE-9B44-33B6730C9F55}.Development|Win32.ActiveCfg = BuiltWithUnrealBuildTool|Win32
		{906C536D-DEC2-49FE-9B44-33B6730C9F55}.Development|Win32.Build.0 = BuiltWithUnrealBuildTool|Win32
		{906C536D-DEC2-49FE-9B44-33B6730C9F55}.Development|Win64.ActiveCfg = BuiltWithUnrealBuildTool|Win32
		{906C536D-DEC2-49FE-9B44-33B6730C9F55}.Development|Win64.Build.0 = BuiltWithUnrealBuildTool|Win32
		{906C536D-DEC2-49FE-9B44-33B6730C9F55}.Shipping|HTML5.ActiveCfg = BuiltWithUnrealBuildTool|Win32
		{906C536D-DEC2-49FE-9B44-33B6730C9F55}.Shipping|HTML5.Build.0 = BuiltWithUnrealBuildTool|Win32
		{906C536D-DEC2-49FE-9B44-33B6730C9F55}.Shipping|Win32.ActiveCfg = BuiltWithUnrealBuildTool|Win32
		{906C536D-DEC2-49FE-9B44-33B6730C9F55}.Shipping|Win32.Build.0 = BuiltWithUnrealBuildTool|Win32
		{906C536D-DEC2-49FE-9B44-33B6730C9F55}.Shipping|Win64.ActiveCfg = BuiltWithUnrealBuildTool|Win32
		{906C536D-DEC2-49FE-9B44-33B6730C9F55}.Shipping|Win64.Build.0 = BuiltWithUnrealBuildTool|Win32
		{C782AF9D-666D-46BE-B4AE-FF71731B99A6}.DebugGame Editor|HTML5.ActiveCfg = HTML5_DebugGame_Editor|Win32
		{C782AF9D-666D-46BE-B4AE-FF71731B99A6}.DebugGame Editor|Win32.ActiveCfg = DebugGame_Editor|Win32
		{C782AF9D-666D-46BE-B4AE-FF71731B99A6}.DebugGame Editor|Win64.ActiveCfg = DebugGame_Editor|x64
		{C782AF9D-666D-46BE-B4AE-FF71731B99A6}.DebugGame Editor|Win64.Build.0 = DebugGame_Editor|x64
		{C782AF9D-666D-46BE-B4AE-FF71731B99A6}.DebugGame|HTML5.ActiveCfg = HTML5_DebugGame_Game|Win32
		{C782AF9D-666D-46BE-B4AE-FF71731B99A6}.DebugGame|HTML5.Build.0 = HTML5_DebugGame_Game|Win32
		{C782AF9D-666D-46BE-B4AE-FF71731B99A6}.DebugGame|Win32.ActiveCfg = DebugGame_Game|Win32
		{C782AF9D-666D-46BE-B4AE-FF71731B99A6}.DebugGame|Win32.Build.0 = DebugGame_Game|Win32
		{C782AF9D-666D-46BE-B4AE-FF71731B99A6}.DebugGame|Win64.ActiveCfg = DebugGame_Game|x64
		{C782AF9D-666D-46BE-B4AE-FF71731B99A6}.DebugGame|Win64.Build.0 = DebugGame_Game|x64
		{C782AF9D-666D-46BE-B4AE-FF71731B99A6}.Development Editor|HTML5.ActiveCfg = HTML5_Development_Editor|Win32
		{C782AF9D-666D-46BE-B4AE-FF71731B99A6}.Development Editor|Win32.ActiveCfg = Development_Editor|Win32
		{C782AF9D-666D-46BE-B4AE-FF71731B99A6}.Development Editor|Win64.ActiveCfg = Development_Editor|x64
		{C782AF9D-666D-46BE-B4AE-FF71731B99A6}.Development Editor|Win64.Build.0 = Development_Editor|x64
		{C782AF9D-666D-46BE-B4AE-FF71731B99A6}.Development|HTML5.ActiveCfg = HTML5_Development_Game|Win32
		{C782AF9D-666D-46BE-B4AE-FF71731B99A6}.Development|HTML5.Build.0 = HTML5_Development_Game|Win32
		{C782AF9D-666D-46BE-B4AE-FF71731B99A6}.Development|Win32.ActiveCfg = Development_Game|Win32
		{C782AF9D-666D-46BE-B4AE-FF71731B99A6}.Development|Win32.Build.0 = Development_Game|Win32
		{C782AF9D-666D-46BE-B4AE-FF71731B99A6}.Development|Win64.ActiveCfg = Development_Game|x64
		{C782AF9D-666D-46BE-B4AE-FF71731B99A6}.Development|Win64.Build.0 = Development_Game|x64
		{C782AF9D-666D-46BE-B4AE-FF71731B99A6}.Shipping|HTML5.ActiveCfg = HTML5_Shipping_Game|Win32
		{C782AF9D-666D-46BE-B4AE-FF71731B99A6}.Shipping|HTML5.Build.0 = HTML5_Shipping_Game|Win32
		{C782AF9D-666D-46BE-B4AE-FF71731B99A6}.Shipping|Win32.ActiveCfg = Shipping_Game|Win32
		{C782AF9D-666D-46BE-B4AE-FF71731B99A6}.Shipping|Win32.Build.0 = Shipping_Game|Win32
		{C782AF9D-666D-46BE-B4AE-FF71731B99A6}.Shipping|Win64.ActiveCfg = Shipping_Game|x64
		{C782AF9D-666D-46BE-B4AE-FF71731B99A6}.Shipping|Win64.Build.0 = Shipping_Game|x64
	EndGlobalSection
	GlobalSection(SolutionProperties) = preSolution
		HideSolutionNode = FALSE
	EndGlobalSection
	GlobalSection(NestedProjects) = preSolution
		{906C536D-DEC2-49FE-9B44-33B6730C9F55} = {F0341384-4A12-43B3-B3EB-83792E81D7CF}
		{C782AF9D-666D-46BE-B4AE-FF71731B99A6} = {9D5E7769-29BF-4E09-927F-D2AE7EBB17E7}
	EndGlobalSection
EndGlobal
