
Microsoft Visual Studio Solution File, Format Version 12.00
# Visual Studio 14
VisualStudioVersion = 14.0.25123.0
MinimumVisualStudioVersion = 10.0.40219.1
Project("{2150E333-8FDC-42A3-9474-1A3956D46DE8}") = "Engine", "Engine", "{33C8DD6A-E70B-45A0-9294-183375EC0FED}"
EndProject
Project("{2150E333-8FDC-42A3-9474-1A3956D46DE8}") = "Games", "Games", "{08097570-066F-40E7-BB71-7F7533CD2622}"
EndProject
Project("{8BC9CEB8-8B4A-11D0-8D11-00A0C91BC942}") = "UE4", "Intermediate\ProjectFiles\UE4.vcxproj", "{89E1AC2A-72C1-41D1-8616-8599229B153B}"
EndProject
Project("{8BC9CEB8-8B4A-11D0-8D11-00A0C91BC942}") = "RunebergVR", "Intermediate\ProjectFiles\RunebergVR.vcxproj", "{FB0CC047-6837-48B0-BDBA-F5108705FDC4}"
EndProject
Global
	GlobalSection(SolutionConfigurationPlatforms) = preSolution
		DebugGame Editor|HTML5 = DebugGame Editor|HTML5
		DebugGame Editor|Win32 = DebugGame Editor|Win32
		DebugGame Editor|Win64 = DebugGame Editor|Win64
		DebugGame|HTML5 = DebugGame|HTML5
		DebugGame|Win32 = DebugGame|Win32
		DebugGame|Win64 = DebugGame|Win64
		Development Editor|HTML5 = Development Editor|HTML5
		Development Editor|Win32 = Development Editor|Win32
		Development Editor|Win64 = Development Editor|Win64
		Development|HTML5 = Development|HTML5
		Development|Win32 = Development|Win32
		Development|Win64 = Development|Win64
		Shipping|HTML5 = Shipping|HTML5
		Shipping|Win32 = Shipping|Win32
		Shipping|Win64 = Shipping|Win64
	EndGlobalSection
	GlobalSection(ProjectConfigurationPlatforms) = postSolution
		{89E1AC2A-72C1-41D1-8616-8599229B153B}.DebugGame Editor|HTML5.ActiveCfg = BuiltWithUnrealBuildTool|Win32
		{89E1AC2A-72C1-41D1-8616-8599229B153B}.DebugGame Editor|HTML5.Build.0 = BuiltWithUnrealBuildTool|Win32
		{89E1AC2A-72C1-41D1-8616-8599229B153B}.DebugGame Editor|Win32.ActiveCfg = BuiltWithUnrealBuildTool|Win32
		{89E1AC2A-72C1-41D1-8616-8599229B153B}.DebugGame Editor|Win32.Build.0 = BuiltWithUnrealBuildTool|Win32
		{89E1AC2A-72C1-41D1-8616-8599229B153B}.DebugGame Editor|Win64.ActiveCfg = BuiltWithUnrealBuildTool|Win32
		{89E1AC2A-72C1-41D1-8616-8599229B153B}.DebugGame Editor|Win64.Build.0 = BuiltWithUnrealBuildTool|Win32
		{89E1AC2A-72C1-41D1-8616-8599229B153B}.DebugGame|HTML5.ActiveCfg = BuiltWithUnrealBuildTool|Win32
		{89E1AC2A-72C1-41D1-8616-8599229B153B}.DebugGame|HTML5.Build.0 = BuiltWithUnrealBuildTool|Win32
		{89E1AC2A-72C1-41D1-8616-8599229B153B}.DebugGame|Win32.ActiveCfg = BuiltWithUnrealBuildTool|Win32
		{89E1AC2A-72C1-41D1-8616-8599229B153B}.DebugGame|Win32.Build.0 = BuiltWithUnrealBuildTool|Win32
		{89E1AC2A-72C1-41D1-8616-8599229B153B}.DebugGame|Win64.ActiveCfg = BuiltWithUnrealBuildTool|Win32
		{89E1AC2A-72C1-41D1-8616-8599229B153B}.DebugGame|Win64.Build.0 = BuiltWithUnrealBuildTool|Win32
		{89E1AC2A-72C1-41D1-8616-8599229B153B}.Development Editor|HTML5.ActiveCfg = BuiltWithUnrealBuildTool|Win32
		{89E1AC2A-72C1-41D1-8616-8599229B153B}.Development Editor|HTML5.Build.0 = BuiltWithUnrealBuildTool|Win32
		{89E1AC2A-72C1-41D1-8616-8599229B153B}.Development Editor|Win32.ActiveCfg = BuiltWithUnrealBuildTool|Win32
		{89E1AC2A-72C1-41D1-8616-8599229B153B}.Development Editor|Win32.Build.0 = BuiltWithUnrealBuildTool|Win32
		{89E1AC2A-72C1-41D1-8616-8599229B153B}.Development Editor|Win64.ActiveCfg = BuiltWithUnrealBuildTool|Win32
		{89E1AC2A-72C1-41D1-8616-8599229B153B}.Development Editor|Win64.Build.0 = BuiltWithUnrealBuildTool|Win32
		{89E1AC2A-72C1-41D1-8616-8599229B153B}.Development|HTML5.ActiveCfg = BuiltWithUnrealBuildTool|Win32
		{89E1AC2A-72C1-41D1-8616-8599229B153B}.Development|HTML5.Build.0 = BuiltWithUnrealBuildTool|Win32
		{89E1AC2A-72C1-41D1-8616-8599229B153B}.Development|Win32.ActiveCfg = BuiltWithUnrealBuildTool|Win32
		{89E1AC2A-72C1-41D1-8616-8599229B153B}.Development|Win32.Build.0 = BuiltWithUnrealBuildTool|Win32
		{89E1AC2A-72C1-41D1-8616-8599229B153B}.Development|Win64.ActiveCfg = BuiltWithUnrealBuildTool|Win32
		{89E1AC2A-72C1-41D1-8616-8599229B153B}.Development|Win64.Build.0 = BuiltWithUnrealBuildTool|Win32
		{89E1AC2A-72C1-41D1-8616-8599229B153B}.Shipping|HTML5.ActiveCfg = BuiltWithUnrealBuildTool|Win32
		{89E1AC2A-72C1-41D1-8616-8599229B153B}.Shipping|HTML5.Build.0 = BuiltWithUnrealBuildTool|Win32
		{89E1AC2A-72C1-41D1-8616-8599229B153B}.Shipping|Win32.ActiveCfg = BuiltWithUnrealBuildTool|Win32
		{89E1AC2A-72C1-41D1-8616-8599229B153B}.Shipping|Win32.Build.0 = BuiltWithUnrealBuildTool|Win32
		{89E1AC2A-72C1-41D1-8616-8599229B153B}.Shipping|Win64.ActiveCfg = BuiltWithUnrealBuildTool|Win32
		{89E1AC2A-72C1-41D1-8616-8599229B153B}.Shipping|Win64.Build.0 = BuiltWithUnrealBuildTool|Win32
		{FB0CC047-6837-48B0-BDBA-F5108705FDC4}.DebugGame Editor|HTML5.ActiveCfg = HTML5_DebugGame_Editor|Win32
		{FB0CC047-6837-48B0-BDBA-F5108705FDC4}.DebugGame Editor|Win32.ActiveCfg = DebugGame_Editor|Win32
		{FB0CC047-6837-48B0-BDBA-F5108705FDC4}.DebugGame Editor|Win64.ActiveCfg = DebugGame_Editor|x64
		{FB0CC047-6837-48B0-BDBA-F5108705FDC4}.DebugGame Editor|Win64.Build.0 = DebugGame_Editor|x64
		{FB0CC047-6837-48B0-BDBA-F5108705FDC4}.DebugGame|HTML5.ActiveCfg = HTML5_DebugGame_Game|Win32
		{FB0CC047-6837-48B0-BDBA-F5108705FDC4}.DebugGame|HTML5.Build.0 = HTML5_DebugGame_Game|Win32
		{FB0CC047-6837-48B0-BDBA-F5108705FDC4}.DebugGame|Win32.ActiveCfg = DebugGame_Game|Win32
		{FB0CC047-6837-48B0-BDBA-F5108705FDC4}.DebugGame|Win32.Build.0 = DebugGame_Game|Win32
		{FB0CC047-6837-48B0-BDBA-F5108705FDC4}.DebugGame|Win64.ActiveCfg = DebugGame_Game|x64
		{FB0CC047-6837-48B0-BDBA-F5108705FDC4}.DebugGame|Win64.Build.0 = DebugGame_Game|x64
		{FB0CC047-6837-48B0-BDBA-F5108705FDC4}.Development Editor|HTML5.ActiveCfg = HTML5_Development_Editor|Win32
		{FB0CC047-6837-48B0-BDBA-F5108705FDC4}.Development Editor|Win32.ActiveCfg = Development_Editor|Win32
		{FB0CC047-6837-48B0-BDBA-F5108705FDC4}.Development Editor|Win64.ActiveCfg = Development_Editor|x64
		{FB0CC047-6837-48B0-BDBA-F5108705FDC4}.Development Editor|Win64.Build.0 = Development_Editor|x64
		{FB0CC047-6837-48B0-BDBA-F5108705FDC4}.Development|HTML5.ActiveCfg = HTML5_Development_Game|Win32
		{FB0CC047-6837-48B0-BDBA-F5108705FDC4}.Development|HTML5.Build.0 = HTML5_Development_Game|Win32
		{FB0CC047-6837-48B0-BDBA-F5108705FDC4}.Development|Win32.ActiveCfg = Development_Game|Win32
		{FB0CC047-6837-48B0-BDBA-F5108705FDC4}.Development|Win32.Build.0 = Development_Game|Win32
		{FB0CC047-6837-48B0-BDBA-F5108705FDC4}.Development|Win64.ActiveCfg = Development_Game|x64
		{FB0CC047-6837-48B0-BDBA-F5108705FDC4}.Development|Win64.Build.0 = Development_Game|x64
		{FB0CC047-6837-48B0-BDBA-F5108705FDC4}.Shipping|HTML5.ActiveCfg = HTML5_Shipping_Game|Win32
		{FB0CC047-6837-48B0-BDBA-F5108705FDC4}.Shipping|HTML5.Build.0 = HTML5_Shipping_Game|Win32
		{FB0CC047-6837-48B0-BDBA-F5108705FDC4}.Shipping|Win32.ActiveCfg = Shipping_Game|Win32
		{FB0CC047-6837-48B0-BDBA-F5108705FDC4}.Shipping|Win32.Build.0 = Shipping_Game|Win32
		{FB0CC047-6837-48B0-BDBA-F5108705FDC4}.Shipping|Win64.ActiveCfg = Shipping_Game|x64
		{FB0CC047-6837-48B0-BDBA-F5108705FDC4}.Shipping|Win64.Build.0 = Shipping_Game|x64
	EndGlobalSection
	GlobalSection(SolutionProperties) = preSolution
		HideSolutionNode = FALSE
	EndGlobalSection
	GlobalSection(NestedProjects) = preSolution
		{89E1AC2A-72C1-41D1-8616-8599229B153B} = {33C8DD6A-E70B-45A0-9294-183375EC0FED}
		{FB0CC047-6837-48B0-BDBA-F5108705FDC4} = {08097570-066F-40E7-BB71-7F7533CD2622}
	EndGlobalSection
EndGlobal
